
Microsoft Visual Studio Solution File, Format Version 12.00
# Visual Studio Version 17
VisualStudioVersion = 17.5.33530.505
MinimumVisualStudioVersion = 10.0.40219.1
Project("{FAE04EC0-301F-11D3-BF4B-00C04F79EFBC}") = "WsMiStream", "WsMiStream.csproj", "{A2AEAAFA-40DC-44CF-AB3D-31B5049E49C5}"
EndProject
Global
	GlobalSection(SolutionConfigurationPlatforms) = preSolution
		Debug|Any CPU = Debug|Any CPU
		Release|Any CPU = Release|Any CPU
	EndGlobalSection
	GlobalSection(ProjectConfigurationPlatforms) = postSolution
		{A2AEAAFA-40DC-44CF-AB3D-31B5049E49C5}.Debug|Any CPU.ActiveCfg = Debug|Any CPU
		{A2AEAAFA-40DC-44CF-AB3D-31B5049E49C5}.Debug|Any CPU.Build.0 = Debug|Any CPU
		{A2AEAAFA-40DC-44CF-AB3D-31B5049E49C5}.Release|Any CPU.ActiveCfg = Release|Any CPU
		{A2AEAAFA-40DC-44CF-AB3D-31B5049E49C5}.Release|Any CPU.Build.0 = Release|Any CPU
	EndGlobalSection
	GlobalSection(SolutionProperties) = preSolution
		HideSolutionNode = FALSE
	EndGlobalSection
	GlobalSection(ExtensibilityGlobals) = postSolution
		SolutionGuid = {10596356-C8F6-4A80-B442-5C27A90902A0}
	EndGlobalSection
EndGlobal
